
Microsoft Visual Studio Solution File, Format Version 12.00
# Visual Studio 15
VisualStudioVersion = 15.0.27130.2010
MinimumVisualStudioVersion = 10.0.40219.1
Project("{9A19103F-16F7-4668-BE54-9A1E7A4F7556}") = "SimpleTwitchBot.Lib", "SimpleTwitchBot.Lib\SimpleTwitchBot.Lib.csproj", "{B6AC5EB5-66DF-4545-8EDB-0E2B553C1A62}"
EndProject
Project("{9A19103F-16F7-4668-BE54-9A1E7A4F7556}") = "SimpleTwitchBot.Example", "SimpleTwitchBot.Example\SimpleTwitchBot.Example.csproj", "{E4EEB699-3134-44FB-A1C2-C1CD6EEAEE6E}"
EndProject
Global
	GlobalSection(SolutionConfigurationPlatforms) = preSolution
		Debug|Any CPU = Debug|Any CPU
		Release|Any CPU = Release|Any CPU
	EndGlobalSection
	GlobalSection(ProjectConfigurationPlatforms) = postSolution
		{B6AC5EB5-66DF-4545-8EDB-0E2B553C1A62}.Debug|Any CPU.ActiveCfg = Debug|Any CPU
		{B6AC5EB5-66DF-4545-8EDB-0E2B553C1A62}.Debug|Any CPU.Build.0 = Debug|Any CPU
		{B6AC5EB5-66DF-4545-8EDB-0E2B553C1A62}.Release|Any CPU.ActiveCfg = Release|Any CPU
		{B6AC5EB5-66DF-4545-8EDB-0E2B553C1A62}.Release|Any CPU.Build.0 = Release|Any CPU
		{E4EEB699-3134-44FB-A1C2-C1CD6EEAEE6E}.Debug|Any CPU.ActiveCfg = Debug|Any CPU
		{E4EEB699-3134-44FB-A1C2-C1CD6EEAEE6E}.Debug|Any CPU.Build.0 = Debug|Any CPU
		{E4EEB699-3134-44FB-A1C2-C1CD6EEAEE6E}.Release|Any CPU.ActiveCfg = Release|Any CPU
		{E4EEB699-3134-44FB-A1C2-C1CD6EEAEE6E}.Release|Any CPU.Build.0 = Release|Any CPU
	EndGlobalSection
	GlobalSection(SolutionProperties) = preSolution
		HideSolutionNode = FALSE
	EndGlobalSection
	GlobalSection(ExtensibilityGlobals) = postSolution
		SolutionGuid = {1F1ED250-FC25-4FC5-906B-1BBCFE54468B}
	EndGlobalSection
EndGlobal
